
Microsoft Visual Studio Solution File, Format Version 12.00
# Visual Studio Version 17
VisualStudioVersion = 17.14.36221.1 d17.14
MinimumVisualStudioVersion = 10.0.40219.1
Project("{FAE04EC0-301F-11D3-BF4B-00C04F79EFBC}") = "wellness-studio-API", "wellness-studio-API\wellness-studio-API.csproj", "{394FC7D2-716F-404A-8F7E-5D7C2DFE8ED1}"
EndProject
Project("{FAE04EC0-301F-11D3-BF4B-00C04F79EFBC}") = "wellness-studio-Infrastructure", "wellness-studio-Infrastructure\wellness-studio-Infrastructure.csproj", "{6A7C1E3E-79D9-4346-971A-DA11FA086357}"
EndProject
Project("{FAE04EC0-301F-11D3-BF4B-00C04F79EFBC}") = "wellness-studio-Domain", "wellness-studio-Domain\wellness-studio-Domain.csproj", "{F298D89F-CA04-4D36-8473-DDF162EC1D7A}"
EndProject
Project("{FAE04EC0-301F-11D3-BF4B-00C04F79EFBC}") = "wellness-studio-Application", "wellness-studio-Application\wellness-studio-Application.csproj", "{40116F3D-6733-4DB0-B29C-C7227E364B89}"
EndProject
Global
	GlobalSection(SolutionConfigurationPlatforms) = preSolution
		Debug|Any CPU = Debug|Any CPU
		Release|Any CPU = Release|Any CPU
	EndGlobalSection
	GlobalSection(ProjectConfigurationPlatforms) = postSolution
		{394FC7D2-716F-404A-8F7E-5D7C2DFE8ED1}.Debug|Any CPU.ActiveCfg = Debug|Any CPU
		{394FC7D2-716F-404A-8F7E-5D7C2DFE8ED1}.Debug|Any CPU.Build.0 = Debug|Any CPU
		{394FC7D2-716F-404A-8F7E-5D7C2DFE8ED1}.Release|Any CPU.ActiveCfg = Release|Any CPU
		{394FC7D2-716F-404A-8F7E-5D7C2DFE8ED1}.Release|Any CPU.Build.0 = Release|Any CPU
		{6A7C1E3E-79D9-4346-971A-DA11FA086357}.Debug|Any CPU.ActiveCfg = Debug|Any CPU
		{6A7C1E3E-79D9-4346-971A-DA11FA086357}.Debug|Any CPU.Build.0 = Debug|Any CPU
		{6A7C1E3E-79D9-4346-971A-DA11FA086357}.Release|Any CPU.ActiveCfg = Release|Any CPU
		{6A7C1E3E-79D9-4346-971A-DA11FA086357}.Release|Any CPU.Build.0 = Release|Any CPU
		{F298D89F-CA04-4D36-8473-DDF162EC1D7A}.Debug|Any CPU.ActiveCfg = Debug|Any CPU
		{F298D89F-CA04-4D36-8473-DDF162EC1D7A}.Debug|Any CPU.Build.0 = Debug|Any CPU
		{F298D89F-CA04-4D36-8473-DDF162EC1D7A}.Release|Any CPU.ActiveCfg = Release|Any CPU
		{F298D89F-CA04-4D36-8473-DDF162EC1D7A}.Release|Any CPU.Build.0 = Release|Any CPU
		{40116F3D-6733-4DB0-B29C-C7227E364B89}.Debug|Any CPU.ActiveCfg = Debug|Any CPU
		{40116F3D-6733-4DB0-B29C-C7227E364B89}.Debug|Any CPU.Build.0 = Debug|Any CPU
		{40116F3D-6733-4DB0-B29C-C7227E364B89}.Release|Any CPU.ActiveCfg = Release|Any CPU
		{40116F3D-6733-4DB0-B29C-C7227E364B89}.Release|Any CPU.Build.0 = Release|Any CPU
	EndGlobalSection
	GlobalSection(SolutionProperties) = preSolution
		HideSolutionNode = FALSE
	EndGlobalSection
	GlobalSection(ExtensibilityGlobals) = postSolution
		SolutionGuid = {5DFB69EE-C5B0-42FA-9306-25E7E1E64BB0}
	EndGlobalSection
EndGlobal
